// !$*UTF8*$!
{
	archiveVersion = 1;
	classes = {
	};
	objectVersion = 50;
	objects = {

/* Begin PBXBuildFile section */
		D8F499CB245A3A710043DBAC /* AppDelegate.swift in Sources */ = {isa = PBXBuildFile; fileRef = D8F499CA245A3A710043DBAC /* AppDelegate.swift */; };
		D8F499CD245A3A710043DBAC /* SceneDelegate.swift in Sources */ = {isa = PBXBuildFile; fileRef = D8F499CC245A3A710043DBAC /* SceneDelegate.swift */; };
		D8F499CF245A3A710043DBAC /* ViewController.swift in Sources */ = {isa = PBXBuildFile; fileRef = D8F499CE245A3A710043DBAC /* ViewController.swift */; };
		D8F499D2245A3A710043DBAC /* Main.storyboard in Resources */ = {isa = PBXBuildFile; fileRef = D8F499D0245A3A710043DBAC /* Main.storyboard */; };
		D8F499D4245A3A730043DBAC /* Assets.xcassets in Resources */ = {isa = PBXBuildFile; fileRef = D8F499D3245A3A730043DBAC /* Assets.xcassets */; };
		D8F499D7245A3A730043DBAC /* LaunchScreen.storyboard in Resources */ = {isa = PBXBuildFile; fileRef = D8F499D5245A3A730043DBAC /* LaunchScreen.storyboard */; };
		D8F499E2245A3A730043DBAC /* Curran_Homework_10Tests.swift in Sources */ = {isa = PBXBuildFile; fileRef = D8F499E1245A3A730043DBAC /* Curran_Homework_10Tests.swift */; };
		D8F499ED245A3A730043DBAC /* Curran_Homework_10UITests.swift in Sources */ = {isa = PBXBuildFile; fileRef = D8F499EC245A3A730043DBAC /* Curran_Homework_10UITests.swift */; };
/* End PBXBuildFile section */

/* Begin PBXContainerItemProxy section */
		D8F499DE245A3A730043DBAC /* PBXContainerItemProxy */ = {
			isa = PBXContainerItemProxy;
			containerPortal = D8F499BF245A3A710043DBAC /* Project object */;
			proxyType = 1;
			remoteGlobalIDString = D8F499C6245A3A710043DBAC;
			remoteInfo = "Curran Homework 10";
		};
		D8F499E9245A3A730043DBAC /* PBXContainerItemProxy */ = {
			isa = PBXContainerItemProxy;
			containerPortal = D8F499BF245A3A710043DBAC /* Project object */;
			proxyType = 1;
			remoteGlobalIDString = D8F499C6245A3A710043DBAC;
			remoteInfo = "Curran Homework 10";
		};
/* End PBXContainerItemProxy section */

/* Begin PBXFileReference section */
		D8F499C7245A3A710043DBAC /* Curran Homework 10.app */ = {isa = PBXFileReference; explicitFileType = wrapper.application; includeInIndex = 0; path = "Curran Homework 10.app"; sourceTree = BUILT_PRODUCTS_DIR; };
		D8F499CA245A3A710043DBAC /* AppDelegate.swift */ = {isa = PBXFileReference; lastKnownFileType = sourcecode.swift; path = AppDelegate.swift; sourceTree = "<group>"; };
		D8F499CC245A3A710043DBAC /* SceneDelegate.swift */ = {isa = PBXFileReference; lastKnownFileType = sourcecode.swift; path = SceneDelegate.swift; sourceTree = "<group>"; };
		D8F499CE245A3A710043DBAC /* ViewController.swift */ = {isa = PBXFileReference; lastKnownFileType = sourcecode.swift; path = ViewController.swift; sourceTree = "<group>"; };
		D8F499D1245A3A710043DBAC /* Base */ = {isa = PBXFileReference; lastKnownFileType = file.storyboard; name = Base; path = Base.lproj/Main.storyboard; sourceTree = "<group>"; };
		D8F499D3245A3A730043DBAC /* Assets.xcassets */ = {isa = PBXFileReference; lastKnownFileType = folder.assetcatalog; path = Assets.xcassets; sourceTree = "<group>"; };
		D8F499D6245A3A730043DBAC /* Base */ = {isa = PBXFileReference; lastKnownFileType = file.storyboard; name = Base; path = Base.lproj/LaunchScreen.storyboard; sourceTree = "<group>"; };
		D8F499D8245A3A730043DBAC /* Info.plist */ = {isa = PBXFileReference; lastKnownFileType = text.plist.xml; path = Info.plist; sourceTree = "<group>"; };
		D8F499DD245A3A730043DBAC /* Curran Homework 10Tests.xctest */ = {isa = PBXFileReference; explicitFileType = wrapper.cfbundle; includeInIndex = 0; path = "Curran Homework 10Tests.xctest"; sourceTree = BUILT_PRODUCTS_DIR; };
		D8F499E1245A3A730043DBAC /* Curran_Homework_10Tests.swift */ = {isa = PBXFileReference; lastKnownFileType = sourcecode.swift; path = Curran_Homework_10Tests.swift; sourceTree = "<group>"; };
		D8F499E3245A3A730043DBAC /* Info.plist */ = {isa = PBXFileReference; lastKnownFileType = text.plist.xml; path = Info.plist; sourceTree = "<group>"; };
		D8F499E8245A3A730043DBAC /* Curran Homework 10UITests.xctest */ = {isa = PBXFileReference; explicitFileType = wrapper.cfbundle; includeInIndex = 0; path = "Curran Homework 10UITests.xctest"; sourceTree = BUILT_PRODUCTS_DIR; };
		D8F499EC245A3A730043DBAC /* Curran_Homework_10UITests.swift */ = {isa = PBXFileReference; lastKnownFileType = sourcecode.swift; path = Curran_Homework_10UITests.swift; sourceTree = "<group>"; };
		D8F499EE245A3A730043DBAC /* Info.plist */ = {isa = PBXFileReference; lastKnownFileType = text.plist.xml; path = Info.plist; sourceTree = "<group>"; };
/* End PBXFileReference section */

/* Begin PBXFrameworksBuildPhase section */
		D8F499C4245A3A710043DBAC /* Frameworks */ = {
			isa = PBXFrameworksBuildPhase;
			buildActionMask = 2147483647;
			files = (
			);
			runOnlyForDeploymentPostprocessing = 0;
		};
		D8F499DA245A3A730043DBAC /* Frameworks */ = {
			isa = PBXFrameworksBuildPhase;
			buildActionMask = 2147483647;
			files = (
			);
			runOnlyForDeploymentPostprocessing = 0;
		};
		D8F499E5245A3A730043DBAC /* Frameworks */ = {
			isa = PBXFrameworksBuildPhase;
			buildActionMask = 2147483647;
			files = (
			);
			runOnlyForDeploymentPostprocessing = 0;
		};
/* End PBXFrameworksBuildPhase section */

/* Begin PBXGroup section */
		D8F499BE245A3A710043DBAC = {
			isa = PBXGroup;
			children = (
				D8F499C9245A3A710043DBAC /* Curran Homework 10 */,
				D8F499E0245A3A730043DBAC /* Curran Homework 10Tests */,
				D8F499EB245A3A730043DBAC /* Curran Homework 10UITests */,
				D8F499C8245A3A710043DBAC /* Products */,
			);
			sourceTree = "<group>";
		};
		D8F499C8245A3A710043DBAC /* Products */ = {
			isa = PBXGroup;
			children = (
				D8F499C7245A3A710043DBAC /* Curran Homework 10.app */,
				D8F499DD245A3A730043DBAC /* Curran Homework 10Tests.xctest */,
				D8F499E8245A3A730043DBAC /* Curran Homework 10UITests.xctest */,
			);
			name = Products;
			sourceTree = "<group>";
		};
		D8F499C9245A3A710043DBAC /* Curran Homework 10 */ = {
			isa = PBXGroup;
			children = (
				D8F499CA245A3A710043DBAC /* AppDelegate.swift */,
				D8F499CC245A3A710043DBAC /* SceneDelegate.swift */,
				D8F499CE245A3A710043DBAC /* ViewController.swift */,
				D8F499D0245A3A710043DBAC /* Main.storyboard */,
				D8F499D3245A3A730043DBAC /* Assets.xcassets */,
				D8F499D5245A3A730043DBAC /* LaunchScreen.storyboard */,
				D8F499D8245A3A730043DBAC /* Info.plist */,
			);
			path = "Curran Homework 10";
			sourceTree = "<group>";
		};
		D8F499E0245A3A730043DBAC /* Curran Homework 10Tests */ = {
			isa = PBXGroup;
			children = (
				D8F499E1245A3A730043DBAC /* Curran_Homework_10Tests.swift */,
				D8F499E3245A3A730043DBAC /* Info.plist */,
			);
			path = "Curran Homework 10Tests";
			sourceTree = "<group>";
		};
		D8F499EB245A3A730043DBAC /* Curran Homework 10UITests */ = {
			isa = PBXGroup;
			children = (
				D8F499EC245A3A730043DBAC /* Curran_Homework_10UITests.swift */,
				D8F499EE245A3A730043DBAC /* Info.plist */,
			);
			path = "Curran Homework 10UITests";
			sourceTree = "<group>";
		};
/* End PBXGroup section */

/* Begin PBXNativeTarget section */
		D8F499C6245A3A710043DBAC /* Curran Homework 10 */ = {
			isa = PBXNativeTarget;
			buildConfigurationList = D8F499F1245A3A730043DBAC /* Build configuration list for PBXNativeTarget "Curran Homework 10" */;
			buildPhases = (
				D8F499C3245A3A710043DBAC /* Sources */,
				D8F499C4245A3A710043DBAC /* Frameworks */,
				D8F499C5245A3A710043DBAC /* Resources */,
			);
			buildRules = (
			);
			dependencies = (
			);
			name = "Curran Homework 10";
			productName = "Curran Homework 10";
			productReference = D8F499C7245A3A710043DBAC /* Curran Homework 10.app */;
			productType = "com.apple.product-type.application";
		};
		D8F499DC245A3A730043DBAC /* Curran Homework 10Tests */ = {
			isa = PBXNativeTarget;
			buildConfigurationList = D8F499F4245A3A730043DBAC /* Build configuration list for PBXNativeTarget "Curran Homework 10Tests" */;
			buildPhases = (
				D8F499D9245A3A730043DBAC /* Sources */,
				D8F499DA245A3A730043DBAC /* Frameworks */,
				D8F499DB245A3A730043DBAC /* Resources */,
			);
			buildRules = (
			);
			dependencies = (
				D8F499DF245A3A730043DBAC /* PBXTargetDependency */,
			);
			name = "Curran Homework 10Tests";
			productName = "Curran Homework 10Tests";
			productReference = D8F499DD245A3A730043DBAC /* Curran Homework 10Tests.xctest */;
			productType = "com.apple.product-type.bundle.unit-test";
		};
		D8F499E7245A3A730043DBAC /* Curran Homework 10UITests */ = {
			isa = PBXNativeTarget;
			buildConfigurationList = D8F499F7245A3A730043DBAC /* Build configuration list for PBXNativeTarget "Curran Homework 10UITests" */;
			buildPhases = (
				D8F499E4245A3A730043DBAC /* Sources */,
				D8F499E5245A3A730043DBAC /* Frameworks */,
				D8F499E6245A3A730043DBAC /* Resources */,
			);
			buildRules = (
			);
			dependencies = (
				D8F499EA245A3A730043DBAC /* PBXTargetDependency */,
			);
			name = "Curran Homework 10UITests";
			productName = "Curran Homework 10UITests";
			productReference = D8F499E8245A3A730043DBAC /* Curran Homework 10UITests.xctest */;
			productType = "com.apple.product-type.bundle.ui-testing";
		};
/* End PBXNativeTarget section */

/* Begin PBXProject section */
		D8F499BF245A3A710043DBAC /* Project object */ = {
			isa = PBXProject;
			attributes = {
				LastSwiftUpdateCheck = 1130;
				LastUpgradeCheck = 1130;
				ORGANIZATIONNAME = "Spencer Curran";
				TargetAttributes = {
					D8F499C6245A3A710043DBAC = {
						CreatedOnToolsVersion = 11.3.1;
					};
					D8F499DC245A3A730043DBAC = {
						CreatedOnToolsVersion = 11.3.1;
						TestTargetID = D8F499C6245A3A710043DBAC;
					};
					D8F499E7245A3A730043DBAC = {
						CreatedOnToolsVersion = 11.3.1;
						TestTargetID = D8F499C6245A3A710043DBAC;
					};
				};
			};
			buildConfigurationList = D8F499C2245A3A710043DBAC /* Build configuration list for PBXProject "Curran Homework 10" */;
			compatibilityVersion = "Xcode 9.3";
			developmentRegion = en;
			hasScannedForEncodings = 0;
			knownRegions = (
				en,
				Base,
			);
			mainGroup = D8F499BE245A3A710043DBAC;
			productRefGroup = D8F499C8245A3A710043DBAC /* Products */;
			projectDirPath = "";
			projectRoot = "";
			targets = (
				D8F499C6245A3A710043DBAC /* Curran Homework 10 */,
				D8F499DC245A3A730043DBAC /* Curran Homework 10Tests */,
				D8F499E7245A3A730043DBAC /* Curran Homework 10UITests */,
			);
		};
/* End PBXProject section */

/* Begin PBXResourcesBuildPhase section */
		D8F499C5245A3A710043DBAC /* Resources */ = {
			isa = PBXResourcesBuildPhase;
			buildActionMask = 2147483647;
			files = (
				D8F499D7245A3A730043DBAC /* LaunchScreen.storyboard in Resources */,
				D8F499D4245A3A730043DBAC /* Assets.xcassets in Resources */,
				D8F499D2245A3A710043DBAC /* Main.storyboard in Resources */,
			);
			runOnlyForDeploymentPostprocessing = 0;
		};
		D8F499DB245A3A730043DBAC /* Resources */ = {
			isa = PBXResourcesBuildPhase;
			buildActionMask = 2147483647;
			files = (
			);
			runOnlyForDeploymentPostprocessing = 0;
		};
		D8F499E6245A3A730043DBAC /* Resources */ = {
			isa = PBXResourcesBuildPhase;
			buildActionMask = 2147483647;
			files = (
			);
			runOnlyForDeploymentPostprocessing = 0;
		};
/* End PBXResourcesBuildPhase section */

/* Begin PBXSourcesBuildPhase section */
		D8F499C3245A3A710043DBAC /* Sources */ = {
			isa = PBXSourcesBuildPhase;
			buildActionMask = 2147483647;
			files = (
				D8F499CF245A3A710043DBAC /* ViewController.swift in Sources */,
				D8F499CB245A3A710043DBAC /* AppDelegate.swift in Sources */,
				D8F499CD245A3A710043DBAC /* SceneDelegate.swift in Sources */,
			);
			runOnlyForDeploymentPostprocessing = 0;
		};
		D8F499D9245A3A730043DBAC /* Sources */ = {
			isa = PBXSourcesBuildPhase;
			buildActionMask = 2147483647;
			files = (
				D8F499E2245A3A730043DBAC /* Curran_Homework_10Tests.swift in Sources */,
			);
			runOnlyForDeploymentPostprocessing = 0;
		};
		D8F499E4245A3A730043DBAC /* Sources */ = {
			isa = PBXSourcesBuildPhase;
			buildActionMask = 2147483647;
			files = (
				D8F499ED245A3A730043DBAC /* Curran_Homework_10UITests.swift in Sources */,
			);
			runOnlyForDeploymentPostprocessing = 0;
		};
/* End PBXSourcesBuildPhase section */

/* Begin PBXTargetDependency section */
		D8F499DF245A3A730043DBAC /* PBXTargetDependency */ = {
			isa = PBXTargetDependency;
			target = D8F499C6245A3A710043DBAC /* Curran Homework 10 */;
			targetProxy = D8F499DE245A3A730043DBAC /* PBXContainerItemProxy */;
		};
		D8F499EA245A3A730043DBAC /* PBXTargetDependency */ = {
			isa = PBXTargetDependency;
			target = D8F499C6245A3A710043DBAC /* Curran Homework 10 */;
			targetProxy = D8F499E9245A3A730043DBAC /* PBXContainerItemProxy */;
		};
/* End PBXTargetDependency section */

/* Begin PBXVariantGroup section */
		D8F499D0245A3A710043DBAC /* Main.storyboard */ = {
			isa = PBXVariantGroup;
			children = (
				D8F499D1245A3A710043DBAC /* Base */,
			);
			name = Main.storyboard;
			sourceTree = "<group>";
		};
		D8F499D5245A3A730043DBAC /* LaunchScreen.storyboard */ = {
			isa = PBXVariantGroup;
			children = (
				D8F499D6245A3A730043DBAC /* Base */,
			);
			name = LaunchScreen.storyboard;
			sourceTree = "<group>";
		};
/* End PBXVariantGroup section */

/* Begin XCBuildConfiguration section */
		D8F499EF245A3A730043DBAC /* Debug */ = {
			isa = XCBuildConfiguration;
			buildSettings = {
				ALWAYS_SEARCH_USER_PATHS = NO;
				CLANG_ANALYZER_NONNULL = YES;
				CLANG_ANALYZER_NUMBER_OBJECT_CONVERSION = YES_AGGRESSIVE;
				CLANG_CXX_LANGUAGE_STANDARD = "gnu++14";
				CLANG_CXX_LIBRARY = "libc++";
				CLANG_ENABLE_MODULES = YES;
				CLANG_ENABLE_OBJC_ARC = YES;
				CLANG_ENABLE_OBJC_WEAK = YES;
				CLANG_WARN_BLOCK_CAPTURE_AUTORELEASING = YES;
				CLANG_WARN_BOOL_CONVERSION = YES;
				CLANG_WARN_COMMA = YES;
				CLANG_WARN_CONSTANT_CONVERSION = YES;
				CLANG_WARN_DEPRECATED_OBJC_IMPLEMENTATIONS = YES;
				CLANG_WARN_DIRECT_OBJC_ISA_USAGE = YES_ERROR;
				CLANG_WARN_DOCUMENTATION_COMMENTS = YES;
				CLANG_WARN_EMPTY_BODY = YES;
				CLANG_WARN_ENUM_CONVERSION = YES;
				CLANG_WARN_INFINITE_RECURSION = YES;
				CLANG_WARN_INT_CONVERSION = YES;
				CLANG_WARN_NON_LITERAL_NULL_CONVERSION = YES;
				CLANG_WARN_OBJC_IMPLICIT_RETAIN_SELF = YES;
				CLANG_WARN_OBJC_LITERAL_CONVERSION = YES;
				CLANG_WARN_OBJC_ROOT_CLASS = YES_ERROR;
				CLANG_WARN_RANGE_LOOP_ANALYSIS = YES;
				CLANG_WARN_STRICT_PROTOTYPES = YES;
				CLANG_WARN_SUSPICIOUS_MOVE = YES;
				CLANG_WARN_UNGUARDED_AVAILABILITY = YES_AGGRESSIVE;
				CLANG_WARN_UNREACHABLE_CODE = YES;
				CLANG_WARN__DUPLICATE_METHOD_MATCH = YES;
				COPY_PHASE_STRIP = NO;
				DEBUG_INFORMATION_FORMAT = dwarf;
				ENABLE_STRICT_OBJC_MSGSEND = YES;
				ENABLE_TESTABILITY = YES;
				GCC_C_LANGUAGE_STANDARD = gnu11;
				GCC_DYNAMIC_NO_PIC = NO;
				GCC_NO_COMMON_BLOCKS = YES;
				GCC_OPTIMIZATION_LEVEL = 0;
				GCC_PREPROCESSOR_DEFINITIONS = (
					"DEBUG=1",
					"$(inherited)",
				);
				GCC_WARN_64_TO_32_BIT_CONVERSION = YES;
				GCC_WARN_ABOUT_RETURN_TYPE = YES_ERROR;
				GCC_WARN_UNDECLARED_SELECTOR = YES;
				GCC_WARN_UNINITIALIZED_AUTOS = YES_AGGRESSIVE;
				GCC_WARN_UNUSED_FUNCTION = YES;
				GCC_WARN_UNUSED_VARIABLE = YES;
				IPHONEOS_DEPLOYMENT_TARGET = 13.2;
				MTL_ENABLE_DEBUG_INFO = INCLUDE_SOURCE;
				MTL_FAST_MATH = YES;
				ONLY_ACTIVE_ARCH = YES;
				SDKROOT = iphoneos;
				SWIFT_ACTIVE_COMPILATION_CONDITIONS = DEBUG;
				SWIFT_OPTIMIZATION_LEVEL = "-Onone";
			};
			name = Debug;
		};
		D8F499F0245A3A730043DBAC /* Release */ = {
			isa = XCBuildConfiguration;
			buildSettings = {
				ALWAYS_SEARCH_USER_PATHS = NO;
				CLANG_ANALYZER_NONNULL = YES;
				CLANG_ANALYZER_NUMBER_OBJECT_CONVERSION = YES_AGGRESSIVE;
				CLANG_CXX_LANGUAGE_STANDARD = "gnu++14";
				CLANG_CXX_LIBRARY = "libc++";
				CLANG_ENABLE_MODULES = YES;
				CLANG_ENABLE_OBJC_ARC = YES;
				CLANG_ENABLE_OBJC_WEAK = YES;
				CLANG_WARN_BLOCK_CAPTURE_AUTORELEASING = YES;
				CLANG_WARN_BOOL_CONVERSION = YES;
				CLANG_WARN_COMMA = YES;
				CLANG_WARN_CONSTANT_CONVERSION = YES;
				CLANG_WARN_DEPRECATED_OBJC_IMPLEMENTATIONS = YES;
				CLANG_WARN_DIRECT_OBJC_ISA_USAGE = YES_ERROR;
				CLANG_WARN_DOCUMENTATION_COMMENTS = YES;
				CLANG_WARN_EMPTY_BODY = YES;
				CLANG_WARN_ENUM_CONVERSION = YES;
				CLANG_WARN_INFINITE_RECURSION = YES;
				CLANG_WARN_INT_CONVERSION = YES;
				CLANG_WARN_NON_LITERAL_NULL_CONVERSION = YES;
				CLANG_WARN_OBJC_IMPLICIT_RETAIN_SELF = YES;
				CLANG_WARN_OBJC_LITERAL_CONVERSION = YES;
				CLANG_WARN_OBJC_ROOT_CLASS = YES_ERROR;
				CLANG_WARN_RANGE_LOOP_ANALYSIS = YES;
				CLANG_WARN_STRICT_PROTOTYPES = YES;
				CLANG_WARN_SUSPICIOUS_MOVE = YES;
				CLANG_WARN_UNGUARDED_AVAILABILITY = YES_AGGRESSIVE;
				CLANG_WARN_UNREACHABLE_CODE = YES;
				CLANG_WARN__DUPLICATE_METHOD_MATCH = YES;
				COPY_PHASE_STRIP = NO;
				DEBUG_INFORMATION_FORMAT = "dwarf-with-dsym";
				ENABLE_NS_ASSERTIONS = NO;
				ENABLE_STRICT_OBJC_MSGSEND = YES;
				GCC_C_LANGUAGE_STANDARD = gnu11;
				GCC_NO_COMMON_BLOCKS = YES;
				GCC_WARN_64_TO_32_BIT_CONVERSION = YES;
				GCC_WARN_ABOUT_RETURN_TYPE = YES_ERROR;
				GCC_WARN_UNDECLARED_SELECTOR = YES;
				GCC_WARN_UNINITIALIZED_AUTOS = YES_AGGRESSIVE;
				GCC_WARN_UNUSED_FUNCTION = YES;
				GCC_WARN_UNUSED_VARIABLE = YES;
				IPHONEOS_DEPLOYMENT_TARGET = 13.2;
				MTL_ENABLE_DEBUG_INFO = NO;
				MTL_FAST_MATH = YES;
				SDKROOT = iphoneos;
				SWIFT_COMPILATION_MODE = wholemodule;
				SWIFT_OPTIMIZATION_LEVEL = "-O";
				VALIDATE_PRODUCT = YES;
			};
			name = Release;
		};
		D8F499F2245A3A730043DBAC /* Debug */ = {
			isa = XCBuildConfiguration;
			buildSettings = {
				ASSETCATALOG_COMPILER_APPICON_NAME = AppIcon;
				CODE_SIGN_STYLE = Automatic;
				DEVELOPMENT_TEAM = VVTL2X6H2N;
				INFOPLIST_FILE = "Curran Homework 10/Info.plist";
				LD_RUNPATH_SEARCH_PATHS = (
					"$(inherited)",
					"@executable_path/Frameworks",
				);
				PRODUCT_BUNDLE_IDENTIFIER = "spencercurran.com.Curran-Homework-10";
				PRODUCT_NAME = "$(TARGET_NAME)";
				SWIFT_VERSION = 5.0;
				TARGETED_DEVICE_FAMILY = "1,2";
			};
			name = Debug;
		};
		D8F499F3245A3A730043DBAC /* Release */ = {
			isa = XCBuildConfiguration;
			buildSettings = {
				ASSETCATALOG_COMPILER_APPICON_NAME = AppIcon;
				CODE_SIGN_STYLE = Automatic;
				DEVELOPMENT_TEAM = VVTL2X6H2N;
				INFOPLIST_FILE = "Curran Homework 10/Info.plist";
				LD_RUNPATH_SEARCH_PATHS = (
					"$(inherited)",
					"@executable_path/Frameworks",
				);
				PRODUCT_BUNDLE_IDENTIFIER = "spencercurran.com.Curran-Homework-10";
				PRODUCT_NAME = "$(TARGET_NAME)";
				SWIFT_VERSION = 5.0;
				TARGETED_DEVICE_FAMILY = "1,2";
			};
			name = Release;
		};
		D8F499F5245A3A730043DBAC /* Debug */ = {
			isa = XCBuildConfiguration;
			buildSettings = {
				ALWAYS_EMBED_SWIFT_STANDARD_LIBRARIES = YES;
				BUNDLE_LOADER = "$(TEST_HOST)";
				CODE_SIGN_STYLE = Automatic;
				DEVELOPMENT_TEAM = VVTL2X6H2N;
				INFOPLIST_FILE = "Curran Homework 10Tests/Info.plist";
				IPHONEOS_DEPLOYMENT_TARGET = 13.2;
				LD_RUNPATH_SEARCH_PATHS = (
					"$(inherited)",
					"@executable_path/Frameworks",
					"@loader_path/Frameworks",
				);
				PRODUCT_BUNDLE_IDENTIFIER = "spencercurran.com.Curran-Homework-10Tests";
				PRODUCT_NAME = "$(TARGET_NAME)";
				SWIFT_VERSION = 5.0;
				TARGETED_DEVICE_FAMILY = "1,2";
				TEST_HOST = "$(BUILT_PRODUCTS_DIR)/Curran Homework 10.app/Curran Homework 10";
			};
			name = Debug;
		};
		D8F499F6245A3A730043DBAC /* Release */ = {
			isa = XCBuildConfiguration;
			buildSettings = {
				ALWAYS_EMBED_SWIFT_STANDARD_LIBRARIES = YES;
				BUNDLE_LOADER = "$(TEST_HOST)";
				CODE_SIGN_STYLE = Automatic;
				DEVELOPMENT_TEAM = VVTL2X6H2N;
				INFOPLIST_FILE = "Curran Homework 10Tests/Info.plist";
				IPHONEOS_DEPLOYMENT_TARGET = 13.2;
				LD_RUNPATH_SEARCH_PATHS = (
					"$(inherited)",
					"@executable_path/Frameworks",
					"@loader_path/Frameworks",
				);
				PRODUCT_BUNDLE_IDENTIFIER = "spencercurran.com.Curran-Homework-10Tests";
				PRODUCT_NAME = "$(TARGET_NAME)";
				SWIFT_VERSION = 5.0;
				TARGETED_DEVICE_FAMILY = "1,2";
				TEST_HOST = "$(BUILT_PRODUCTS_DIR)/Curran Homework 10.app/Curran Homework 10";
			};
			name = Release;
		};
		D8F499F8245A3A730043DBAC /* Debug */ = {
			isa = XCBuildConfiguration;
			buildSettings = {
				ALWAYS_EMBED_SWIFT_STANDARD_LIBRARIES = YES;
				CODE_SIGN_STYLE = Automatic;
				DEVELOPMENT_TEAM = VVTL2X6H2N;
				INFOPLIST_FILE = "Curran Homework 10UITests/Info.plist";
				LD_RUNPATH_SEARCH_PATHS = (
					"$(inherited)",
					"@executable_path/Frameworks",
					"@loader_path/Frameworks",
				);
				PRODUCT_BUNDLE_IDENTIFIER = "spencercurran.com.Curran-Homework-10UITests";
				PRODUCT_NAME = "$(TARGET_NAME)";
				SWIFT_VERSION = 5.0;
				TARGETED_DEVICE_FAMILY = "1,2";
				TEST_TARGET_NAME = "Curran Homework 10";
			};
			name = Debug;
		};
		D8F499F9245A3A730043DBAC /* Release */ = {
			isa = XCBuildConfiguration;
			buildSettings = {
				ALWAYS_EMBED_SWIFT_STANDARD_LIBRARIES = YES;
				CODE_SIGN_STYLE = Automatic;
				DEVELOPMENT_TEAM = VVTL2X6H2N;
				INFOPLIST_FILE = "Curran Homework 10UITests/Info.plist";
				LD_RUNPATH_SEARCH_PATHS = (
					"$(inherited)",
					"@executable_path/Frameworks",
					"@loader_path/Frameworks",
				);
				PRODUCT_BUNDLE_IDENTIFIER = "spencercurran.com.Curran-Homework-10UITests";
				PRODUCT_NAME = "$(TARGET_NAME)";
				SWIFT_VERSION = 5.0;
				TARGETED_DEVICE_FAMILY = "1,2";
				TEST_TARGET_NAME = "Curran Homework 10";
			};
			name = Release;
		};
/* End XCBuildConfiguration section */

/* Begin XCConfigurationList section */
		D8F499C2245A3A710043DBAC /* Build configuration list for PBXProject "Curran Homework 10" */ = {
			isa = XCConfigurationList;
			buildConfigurations = (
				D8F499EF245A3A730043DBAC /* Debug */,
				D8F499F0245A3A730043DBAC /* Release */,
			);
			defaultConfigurationIsVisible = 0;
			defaultConfigurationName = Release;
		};
		D8F499F1245A3A730043DBAC /* Build configuration list for PBXNativeTarget "Curran Homework 10" */ = {
			isa = XCConfigurationList;
			buildConfigurations = (
				D8F499F2245A3A730043DBAC /* Debug */,
				D8F499F3245A3A730043DBAC /* Release */,
			);
			defaultConfigurationIsVisible = 0;
			defaultConfigurationName = Release;
		};
		D8F499F4245A3A730043DBAC /* Build configuration list for PBXNativeTarget "Curran Homework 10Tests" */ = {
			isa = XCConfigurationList;
			buildConfigurations = (
				D8F499F5245A3A730043DBAC /* Debug */,
				D8F499F6245A3A730043DBAC /* Release */,
			);
			defaultConfigurationIsVisible = 0;
			defaultConfigurationName = Release;
		};
		D8F499F7245A3A730043DBAC /* Build configuration list for PBXNativeTarget "Curran Homework 10UITests" */ = {
			isa = XCConfigurationList;
			buildConfigurations = (
				D8F499F8245A3A730043DBAC /* Debug */,
				D8F499F9245A3A730043DBAC /* Release */,
			);
			defaultConfigurationIsVisible = 0;
			defaultConfigurationName = Release;
		};
/* End XCConfigurationList section */
	};
	rootObject = D8F499BF245A3A710043DBAC /* Project object */;
}
